
Microsoft Visual Studio Solution File, Format Version 12.00
# Visual Studio Version 17
VisualStudioVersion = 17.7.34031.279
MinimumVisualStudioVersion = 10.0.40219.1
Project("{FAE04EC0-301F-11D3-BF4B-00C04F79EFBC}") = "Waste Food Management & Donation", "Waste Food Management & Donation.csproj", "{A9304E16-3F95-49D5-93E8-536E8C2596F8}"
EndProject
Global
	GlobalSection(SolutionConfigurationPlatforms) = preSolution
		Debug|Any CPU = Debug|Any CPU
		Release|Any CPU = Release|Any CPU
	EndGlobalSection
	GlobalSection(ProjectConfigurationPlatforms) = postSolution
		{A9304E16-3F95-49D5-93E8-536E8C2596F8}.Debug|Any CPU.ActiveCfg = Debug|Any CPU
		{A9304E16-3F95-49D5-93E8-536E8C2596F8}.Debug|Any CPU.Build.0 = Debug|Any CPU
		{A9304E16-3F95-49D5-93E8-536E8C2596F8}.Release|Any CPU.ActiveCfg = Release|Any CPU
		{A9304E16-3F95-49D5-93E8-536E8C2596F8}.Release|Any CPU.Build.0 = Release|Any CPU
	EndGlobalSection
	GlobalSection(SolutionProperties) = preSolution
		HideSolutionNode = FALSE
	EndGlobalSection
	GlobalSection(ExtensibilityGlobals) = postSolution
		SolutionGuid = {4A16EF0B-06F9-4927-A84D-A5CB87E10685}
	EndGlobalSection
EndGlobal
